
Microsoft Visual Studio Solution File, Format Version 12.00
Project("{FAE04EC0-301F-11D3-BF4B-00C04F79EFBC}") = "HardWork", "HardWork.csproj", "{07A4D696-5F8C-4965-AC09-B34B8AC93FEC}"
EndProject
Global
	GlobalSection(SolutionConfigurationPlatforms) = preSolution
		Debug|Any CPU = Debug|Any CPU
		Release|Any CPU = Release|Any CPU
	EndGlobalSection
	GlobalSection(ProjectConfigurationPlatforms) = postSolution
		{07A4D696-5F8C-4965-AC09-B34B8AC93FEC}.Debug|Any CPU.ActiveCfg = Debug|Any CPU
		{07A4D696-5F8C-4965-AC09-B34B8AC93FEC}.Debug|Any CPU.Build.0 = Debug|Any CPU
		{07A4D696-5F8C-4965-AC09-B34B8AC93FEC}.Release|Any CPU.ActiveCfg = Release|Any CPU
		{07A4D696-5F8C-4965-AC09-B34B8AC93FEC}.Release|Any CPU.Build.0 = Release|Any CPU
	EndGlobalSection
EndGlobal
